// !$*UTF8*$!
{
	archiveVersion = 1;
	classes = {
	};
	objectVersion = 51;
	objects = {

/* Begin PBXBuildFile section */
		5A222901DA56C8EB255D5685 /* Pods_Shopping.framework in Frameworks */ = {isa = PBXBuildFile; fileRef = 663AE17AE9C04F70DB509474 /* Pods_Shopping.framework */; };
		902A1B1F2454D8B90042C46E /* GoogleService-Info.plist in Resources */ = {isa = PBXBuildFile; fileRef = 902A1B1E2454D8B90042C46E /* GoogleService-Info.plist */; };
		902A1B2124589CC50042C46E /* Departments.swift in Sources */ = {isa = PBXBuildFile; fileRef = 902A1B2024589CC50042C46E /* Departments.swift */; };
		902A1B24245FD2C30042C46E /* AllCategories.swift in Sources */ = {isa = PBXBuildFile; fileRef = 902A1B23245FD2C30042C46E /* AllCategories.swift */; };
		902A1B2A245FF35A0042C46E /* CustomCategoryCell.swift in Sources */ = {isa = PBXBuildFile; fileRef = 902A1B28245FF35A0042C46E /* CustomCategoryCell.swift */; };
		902A1B2B245FF35A0042C46E /* CategoryCell.xib in Resources */ = {isa = PBXBuildFile; fileRef = 902A1B29245FF35A0042C46E /* CategoryCell.xib */; };
		902A1B2E2467302E0042C46E /* ImageService.swift in Sources */ = {isa = PBXBuildFile; fileRef = 902A1B2D2467302E0042C46E /* ImageService.swift */; };
		902A1B30246C9CBC0042C46E /* SubCategory.swift in Sources */ = {isa = PBXBuildFile; fileRef = 902A1B2F246C9CBC0042C46E /* SubCategory.swift */; };
		90652699247371D90057C6C2 /* ItemsCVCell.swift in Sources */ = {isa = PBXBuildFile; fileRef = 90652698247371D90057C6C2 /* ItemsCVCell.swift */; };
		9065269B24744A950057C6C2 /* Items.swift in Sources */ = {isa = PBXBuildFile; fileRef = 9065269A24744A950057C6C2 /* Items.swift */; };
		907A4EC924394A9300F36AC9 /* TableViewControllerCategory.swift in Sources */ = {isa = PBXBuildFile; fileRef = 907A4EC824394A9300F36AC9 /* TableViewControllerCategory.swift */; };
		907A4ECB24394E3600F36AC9 /* TableViewControllerSubCategory.swift in Sources */ = {isa = PBXBuildFile; fileRef = 907A4ECA24394E3600F36AC9 /* TableViewControllerSubCategory.swift */; };
		90A2DDD3243665BB0007B379 /* ViewControllerItems.swift in Sources */ = {isa = PBXBuildFile; fileRef = 90A2DDD2243665BB0007B379 /* ViewControllerItems.swift */; };
		90A2DDD7243671370007B379 /* DepartmentCollectionViewCell.swift in Sources */ = {isa = PBXBuildFile; fileRef = 90A2DDD6243671370007B379 /* DepartmentCollectionViewCell.swift */; };
		90BA068023E4CA84003996E7 /* AppDelegate.swift in Sources */ = {isa = PBXBuildFile; fileRef = 90BA067F23E4CA84003996E7 /* AppDelegate.swift */; };
		90BA068223E4CA84003996E7 /* SceneDelegate.swift in Sources */ = {isa = PBXBuildFile; fileRef = 90BA068123E4CA84003996E7 /* SceneDelegate.swift */; };
		90BA068423E4CA84003996E7 /* ViewControllerDepartments.swift in Sources */ = {isa = PBXBuildFile; fileRef = 90BA068323E4CA84003996E7 /* ViewControllerDepartments.swift */; };
		90BA068723E4CA84003996E7 /* Main.storyboard in Resources */ = {isa = PBXBuildFile; fileRef = 90BA068523E4CA84003996E7 /* Main.storyboard */; };
		90BA068A23E4CA84003996E7 /* Shopping.xcdatamodeld in Sources */ = {isa = PBXBuildFile; fileRef = 90BA068823E4CA84003996E7 /* Shopping.xcdatamodeld */; };
		90BA068C23E4CA86003996E7 /* Assets.xcassets in Resources */ = {isa = PBXBuildFile; fileRef = 90BA068B23E4CA86003996E7 /* Assets.xcassets */; };
		90BA068F23E4CA86003996E7 /* LaunchScreen.storyboard in Resources */ = {isa = PBXBuildFile; fileRef = 90BA068D23E4CA86003996E7 /* LaunchScreen.storyboard */; };
/* End PBXBuildFile section */

/* Begin PBXFileReference section */
		024B0F2768F4A989D8825459 /* Pods-Shopping.release.xcconfig */ = {isa = PBXFileReference; includeInIndex = 1; lastKnownFileType = text.xcconfig; name = "Pods-Shopping.release.xcconfig"; path = "Target Support Files/Pods-Shopping/Pods-Shopping.release.xcconfig"; sourceTree = "<group>"; };
		25084A4C2F2FE0D4B8679B8B /* Pods-Shopping.debug.xcconfig */ = {isa = PBXFileReference; includeInIndex = 1; lastKnownFileType = text.xcconfig; name = "Pods-Shopping.debug.xcconfig"; path = "Target Support Files/Pods-Shopping/Pods-Shopping.debug.xcconfig"; sourceTree = "<group>"; };
		663AE17AE9C04F70DB509474 /* Pods_Shopping.framework */ = {isa = PBXFileReference; explicitFileType = wrapper.framework; includeInIndex = 0; path = Pods_Shopping.framework; sourceTree = BUILT_PRODUCTS_DIR; };
		902A1B1E2454D8B90042C46E /* GoogleService-Info.plist */ = {isa = PBXFileReference; fileEncoding = 4; lastKnownFileType = text.plist.xml; path = "GoogleService-Info.plist"; sourceTree = "<group>"; };
		902A1B2024589CC50042C46E /* Departments.swift */ = {isa = PBXFileReference; lastKnownFileType = sourcecode.swift; path = Departments.swift; sourceTree = "<group>"; };
		902A1B23245FD2C30042C46E /* AllCategories.swift */ = {isa = PBXFileReference; lastKnownFileType = sourcecode.swift; path = AllCategories.swift; sourceTree = "<group>"; };
		902A1B28245FF35A0042C46E /* CustomCategoryCell.swift */ = {isa = PBXFileReference; lastKnownFileType = sourcecode.swift; path = CustomCategoryCell.swift; sourceTree = "<group>"; };
		902A1B29245FF35A0042C46E /* CategoryCell.xib */ = {isa = PBXFileReference; lastKnownFileType = file.xib; path = CategoryCell.xib; sourceTree = "<group>"; };
		902A1B2D2467302E0042C46E /* ImageService.swift */ = {isa = PBXFileReference; lastKnownFileType = sourcecode.swift; path = ImageService.swift; sourceTree = "<group>"; };
		902A1B2F246C9CBC0042C46E /* SubCategory.swift */ = {isa = PBXFileReference; lastKnownFileType = sourcecode.swift; path = SubCategory.swift; sourceTree = "<group>"; };
		905235D6243A7F7700C3FF2B /* Info.plist */ = {isa = PBXFileReference; lastKnownFileType = text.plist; name = Info.plist; path = Shopping/Info.plist; sourceTree = SOURCE_ROOT; };
		90652698247371D90057C6C2 /* ItemsCVCell.swift */ = {isa = PBXFileReference; lastKnownFileType = sourcecode.swift; path = ItemsCVCell.swift; sourceTree = "<group>"; };
		9065269A24744A950057C6C2 /* Items.swift */ = {isa = PBXFileReference; lastKnownFileType = sourcecode.swift; path = Items.swift; sourceTree = "<group>"; };
		907A4EC824394A9300F36AC9 /* TableViewControllerCategory.swift */ = {isa = PBXFileReference; lastKnownFileType = sourcecode.swift; path = TableViewControllerCategory.swift; sourceTree = "<group>"; };
		907A4ECA24394E3600F36AC9 /* TableViewControllerSubCategory.swift */ = {isa = PBXFileReference; lastKnownFileType = sourcecode.swift; path = TableViewControllerSubCategory.swift; sourceTree = "<group>"; };
		90A2DDD2243665BB0007B379 /* ViewControllerItems.swift */ = {isa = PBXFileReference; lastKnownFileType = sourcecode.swift; path = ViewControllerItems.swift; sourceTree = "<group>"; };
		90A2DDD6243671370007B379 /* DepartmentCollectionViewCell.swift */ = {isa = PBXFileReference; lastKnownFileType = sourcecode.swift; path = DepartmentCollectionViewCell.swift; sourceTree = "<group>"; };
		90BA067C23E4CA84003996E7 /* Shopping.app */ = {isa = PBXFileReference; explicitFileType = wrapper.application; includeInIndex = 0; path = Shopping.app; sourceTree = BUILT_PRODUCTS_DIR; };
		90BA067F23E4CA84003996E7 /* AppDelegate.swift */ = {isa = PBXFileReference; lastKnownFileType = sourcecode.swift; path = AppDelegate.swift; sourceTree = "<group>"; };
		90BA068123E4CA84003996E7 /* SceneDelegate.swift */ = {isa = PBXFileReference; lastKnownFileType = sourcecode.swift; path = SceneDelegate.swift; sourceTree = "<group>"; };
		90BA068323E4CA84003996E7 /* ViewControllerDepartments.swift */ = {isa = PBXFileReference; lastKnownFileType = sourcecode.swift; path = ViewControllerDepartments.swift; sourceTree = "<group>"; };
		90BA068623E4CA84003996E7 /* Base */ = {isa = PBXFileReference; lastKnownFileType = file.storyboard; name = Base; path = Base.lproj/Main.storyboard; sourceTree = "<group>"; };
		90BA068923E4CA84003996E7 /* Shopping.xcdatamodel */ = {isa = PBXFileReference; lastKnownFileType = wrapper.xcdatamodel; path = Shopping.xcdatamodel; sourceTree = "<group>"; };
		90BA068B23E4CA86003996E7 /* Assets.xcassets */ = {isa = PBXFileReference; lastKnownFileType = folder.assetcatalog; path = Assets.xcassets; sourceTree = "<group>"; };
		90BA068E23E4CA86003996E7 /* Base */ = {isa = PBXFileReference; lastKnownFileType = file.storyboard; name = Base; path = Base.lproj/LaunchScreen.storyboard; sourceTree = "<group>"; };
/* End PBXFileReference section */

/* Begin PBXFrameworksBuildPhase section */
		90BA067923E4CA84003996E7 /* Frameworks */ = {
			isa = PBXFrameworksBuildPhase;
			buildActionMask = 2147483647;
			files = (
				5A222901DA56C8EB255D5685 /* Pods_Shopping.framework in Frameworks */,
			);
			runOnlyForDeploymentPostprocessing = 0;
		};
/* End PBXFrameworksBuildPhase section */

/* Begin PBXGroup section */
		902A1B2224589CCF0042C46E /* Model */ = {
			isa = PBXGroup;
			children = (
				902A1B2024589CC50042C46E /* Departments.swift */,
				902A1B23245FD2C30042C46E /* AllCategories.swift */,
				902A1B2F246C9CBC0042C46E /* SubCategory.swift */,
				9065269A24744A950057C6C2 /* Items.swift */,
			);
			path = Model;
			sourceTree = "<group>";
		};
		902A1B27245FD9090042C46E /* CustomCell */ = {
			isa = PBXGroup;
			children = (
				902A1B28245FF35A0042C46E /* CustomCategoryCell.swift */,
				902A1B29245FF35A0042C46E /* CategoryCell.xib */,
			);
			path = CustomCell;
			sourceTree = "<group>";
		};
		902A1B2C24672FF30042C46E /* Service */ = {
			isa = PBXGroup;
			children = (
				902A1B2D2467302E0042C46E /* ImageService.swift */,
			);
			path = Service;
			sourceTree = "<group>";
		};
		90BA067323E4CA84003996E7 = {
			isa = PBXGroup;
			children = (
				90BA067E23E4CA84003996E7 /* Shopping */,
				90BA067D23E4CA84003996E7 /* Products */,
				9AA316486AF515F37BD4468D /* Pods */,
				C8C12EF7A6E59F4E79041DE1 /* Frameworks */,
			);
			sourceTree = "<group>";
		};
		90BA067D23E4CA84003996E7 /* Products */ = {
			isa = PBXGroup;
			children = (
				90BA067C23E4CA84003996E7 /* Shopping.app */,
			);
			name = Products;
			sourceTree = "<group>";
		};
		90BA067E23E4CA84003996E7 /* Shopping */ = {
			isa = PBXGroup;
			children = (
				902A1B2C24672FF30042C46E /* Service */,
				902A1B27245FD9090042C46E /* CustomCell */,
				902A1B2224589CCF0042C46E /* Model */,
				90BA067F23E4CA84003996E7 /* AppDelegate.swift */,
				90BA068123E4CA84003996E7 /* SceneDelegate.swift */,
				905235D6243A7F7700C3FF2B /* Info.plist */,
				902A1B1E2454D8B90042C46E /* GoogleService-Info.plist */,
				90BA069623E4CAAA003996E7 /* Controllers */,
				90BA069723E4CAC1003996E7 /* DataModel */,
				90BA069823E4CADC003996E7 /* Views */,
				90BA069923E4CAFC003996E7 /* Support Files */,
			);
			path = Shopping;
			sourceTree = "<group>";
		};
		90BA069623E4CAAA003996E7 /* Controllers */ = {
			isa = PBXGroup;
			children = (
				90BA068323E4CA84003996E7 /* ViewControllerDepartments.swift */,
				90A2DDD2243665BB0007B379 /* ViewControllerItems.swift */,
				90A2DDD6243671370007B379 /* DepartmentCollectionViewCell.swift */,
				907A4EC824394A9300F36AC9 /* TableViewControllerCategory.swift */,
				907A4ECA24394E3600F36AC9 /* TableViewControllerSubCategory.swift */,
				90652698247371D90057C6C2 /* ItemsCVCell.swift */,
			);
			path = Controllers;
			sourceTree = "<group>";
		};
		90BA069723E4CAC1003996E7 /* DataModel */ = {
			isa = PBXGroup;
			children = (
				90BA068823E4CA84003996E7 /* Shopping.xcdatamodeld */,
			);
			path = DataModel;
			sourceTree = "<group>";
		};
		90BA069823E4CADC003996E7 /* Views */ = {
			isa = PBXGroup;
			children = (
				90BA068523E4CA84003996E7 /* Main.storyboard */,
				90BA068D23E4CA86003996E7 /* LaunchScreen.storyboard */,
			);
			path = Views;
			sourceTree = "<group>";
		};
		90BA069923E4CAFC003996E7 /* Support Files */ = {
			isa = PBXGroup;
			children = (
				90BA068B23E4CA86003996E7 /* Assets.xcassets */,
			);
			path = "Support Files";
			sourceTree = "<group>";
		};
		9AA316486AF515F37BD4468D /* Pods */ = {
			isa = PBXGroup;
			children = (
				25084A4C2F2FE0D4B8679B8B /* Pods-Shopping.debug.xcconfig */,
				024B0F2768F4A989D8825459 /* Pods-Shopping.release.xcconfig */,
			);
			path = Pods;
			sourceTree = "<group>";
		};
		C8C12EF7A6E59F4E79041DE1 /* Frameworks */ = {
			isa = PBXGroup;
			children = (
				663AE17AE9C04F70DB509474 /* Pods_Shopping.framework */,
			);
			name = Frameworks;
			sourceTree = "<group>";
		};
/* End PBXGroup section */

/* Begin PBXNativeTarget section */
		90BA067B23E4CA84003996E7 /* Shopping */ = {
			isa = PBXNativeTarget;
			buildConfigurationList = 90BA069323E4CA86003996E7 /* Build configuration list for PBXNativeTarget "Shopping" */;
			buildPhases = (
				700A8B3F47BB544ABB8A136D /* [CP] Check Pods Manifest.lock */,
				90BA067823E4CA84003996E7 /* Sources */,
				90BA067923E4CA84003996E7 /* Frameworks */,
				90BA067A23E4CA84003996E7 /* Resources */,
				D6FB5D73947A7EF0E77D9263 /* [CP] Embed Pods Frameworks */,
			);
			buildRules = (
			);
			dependencies = (
			);
			name = Shopping;
			productName = Shopping;
			productReference = 90BA067C23E4CA84003996E7 /* Shopping.app */;
			productType = "com.apple.product-type.application";
		};
/* End PBXNativeTarget section */

/* Begin PBXProject section */
		90BA067423E4CA84003996E7 /* Project object */ = {
			isa = PBXProject;
			attributes = {
				LastSwiftUpdateCheck = 1110;
				LastUpgradeCheck = 1110;
				ORGANIZATIONNAME = "Katherynne H";
				TargetAttributes = {
					90BA067B23E4CA84003996E7 = {
						CreatedOnToolsVersion = 11.1;
					};
				};
			};
			buildConfigurationList = 90BA067723E4CA84003996E7 /* Build configuration list for PBXProject "Shopping" */;
			compatibilityVersion = "Xcode 9.3";
			developmentRegion = en;
			hasScannedForEncodings = 0;
			knownRegions = (
				en,
				Base,
			);
			mainGroup = 90BA067323E4CA84003996E7;
			productRefGroup = 90BA067D23E4CA84003996E7 /* Products */;
			projectDirPath = "";
			projectRoot = "";
			targets = (
				90BA067B23E4CA84003996E7 /* Shopping */,
			);
		};
/* End PBXProject section */

/* Begin PBXResourcesBuildPhase section */
		90BA067A23E4CA84003996E7 /* Resources */ = {
			isa = PBXResourcesBuildPhase;
			buildActionMask = 2147483647;
			files = (
				90BA068F23E4CA86003996E7 /* LaunchScreen.storyboard in Resources */,
				90BA068C23E4CA86003996E7 /* Assets.xcassets in Resources */,
				902A1B2B245FF35A0042C46E /* CategoryCell.xib in Resources */,
				90BA068723E4CA84003996E7 /* Main.storyboard in Resources */,
				902A1B1F2454D8B90042C46E /* GoogleService-Info.plist in Resources */,
			);
			runOnlyForDeploymentPostprocessing = 0;
		};
/* End PBXResourcesBuildPhase section */

/* Begin PBXShellScriptBuildPhase section */
		700A8B3F47BB544ABB8A136D /* [CP] Check Pods Manifest.lock */ = {
			isa = PBXShellScriptBuildPhase;
			buildActionMask = 2147483647;
			files = (
			);
			inputFileListPaths = (
			);
			inputPaths = (
				"${PODS_PODFILE_DIR_PATH}/Podfile.lock",
				"${PODS_ROOT}/Manifest.lock",
			);
			name = "[CP] Check Pods Manifest.lock";
			outputFileListPaths = (
			);
			outputPaths = (
				"$(DERIVED_FILE_DIR)/Pods-Shopping-checkManifestLockResult.txt",
			);
			runOnlyForDeploymentPostprocessing = 0;
			shellPath = /bin/sh;
			shellScript = "diff \"${PODS_PODFILE_DIR_PATH}/Podfile.lock\" \"${PODS_ROOT}/Manifest.lock\" > /dev/null\nif [ $? != 0 ] ; then\n    # print error to STDERR\n    echo \"error: The sandbox is not in sync with the Podfile.lock. Run 'pod install' or update your CocoaPods installation.\" >&2\n    exit 1\nfi\n# This output is used by Xcode 'outputs' to avoid re-running this script phase.\necho \"SUCCESS\" > \"${SCRIPT_OUTPUT_FILE_0}\"\n";
			showEnvVarsInLog = 0;
		};
		D6FB5D73947A7EF0E77D9263 /* [CP] Embed Pods Frameworks */ = {
			isa = PBXShellScriptBuildPhase;
			buildActionMask = 2147483647;
			files = (
			);
			inputFileListPaths = (
				"${PODS_ROOT}/Target Support Files/Pods-Shopping/Pods-Shopping-frameworks-${CONFIGURATION}-input-files.xcfilelist",
			);
			name = "[CP] Embed Pods Frameworks";
			outputFileListPaths = (
				"${PODS_ROOT}/Target Support Files/Pods-Shopping/Pods-Shopping-frameworks-${CONFIGURATION}-output-files.xcfilelist",
			);
			runOnlyForDeploymentPostprocessing = 0;
			shellPath = /bin/sh;
			shellScript = "\"${PODS_ROOT}/Target Support Files/Pods-Shopping/Pods-Shopping-frameworks.sh\"\n";
			showEnvVarsInLog = 0;
		};
/* End PBXShellScriptBuildPhase section */

/* Begin PBXSourcesBuildPhase section */
		90BA067823E4CA84003996E7 /* Sources */ = {
			isa = PBXSourcesBuildPhase;
			buildActionMask = 2147483647;
			files = (
				902A1B30246C9CBC0042C46E /* SubCategory.swift in Sources */,
				9065269B24744A950057C6C2 /* Items.swift in Sources */,
				90652699247371D90057C6C2 /* ItemsCVCell.swift in Sources */,
				90BA068423E4CA84003996E7 /* ViewControllerDepartments.swift in Sources */,
				902A1B24245FD2C30042C46E /* AllCategories.swift in Sources */,
				907A4EC924394A9300F36AC9 /* TableViewControllerCategory.swift in Sources */,
				902A1B2124589CC50042C46E /* Departments.swift in Sources */,
				902A1B2A245FF35A0042C46E /* CustomCategoryCell.swift in Sources */,
				902A1B2E2467302E0042C46E /* ImageService.swift in Sources */,
				90BA068A23E4CA84003996E7 /* Shopping.xcdatamodeld in Sources */,
				90A2DDD3243665BB0007B379 /* ViewControllerItems.swift in Sources */,
				90A2DDD7243671370007B379 /* DepartmentCollectionViewCell.swift in Sources */,
				90BA068023E4CA84003996E7 /* AppDelegate.swift in Sources */,
				907A4ECB24394E3600F36AC9 /* TableViewControllerSubCategory.swift in Sources */,
				90BA068223E4CA84003996E7 /* SceneDelegate.swift in Sources */,
			);
			runOnlyForDeploymentPostprocessing = 0;
		};
/* End PBXSourcesBuildPhase section */

/* Begin PBXVariantGroup section */
		90BA068523E4CA84003996E7 /* Main.storyboard */ = {
			isa = PBXVariantGroup;
			children = (
				90BA068623E4CA84003996E7 /* Base */,
			);
			name = Main.storyboard;
			sourceTree = "<group>";
		};
		90BA068D23E4CA86003996E7 /* LaunchScreen.storyboard */ = {
			isa = PBXVariantGroup;
			children = (
				90BA068E23E4CA86003996E7 /* Base */,
			);
			name = LaunchScreen.storyboard;
			sourceTree = "<group>";
		};
/* End PBXVariantGroup section */

/* Begin XCBuildConfiguration section */
		90BA069123E4CA86003996E7 /* Debug */ = {
			isa = XCBuildConfiguration;
			buildSettings = {
				ALWAYS_SEARCH_USER_PATHS = NO;
				CLANG_ANALYZER_NONNULL = YES;
				CLANG_ANALYZER_NUMBER_OBJECT_CONVERSION = YES_AGGRESSIVE;
				CLANG_CXX_LANGUAGE_STANDARD = "gnu++14";
				CLANG_CXX_LIBRARY = "libc++";
				CLANG_ENABLE_MODULES = YES;
				CLANG_ENABLE_OBJC_ARC = YES;
				CLANG_ENABLE_OBJC_WEAK = YES;
				CLANG_WARN_BLOCK_CAPTURE_AUTORELEASING = YES;
				CLANG_WARN_BOOL_CONVERSION = YES;
				CLANG_WARN_COMMA = YES;
				CLANG_WARN_CONSTANT_CONVERSION = YES;
				CLANG_WARN_DEPRECATED_OBJC_IMPLEMENTATIONS = YES;
				CLANG_WARN_DIRECT_OBJC_ISA_USAGE = YES_ERROR;
				CLANG_WARN_DOCUMENTATION_COMMENTS = YES;
				CLANG_WARN_EMPTY_BODY = YES;
				CLANG_WARN_ENUM_CONVERSION = YES;
				CLANG_WARN_INFINITE_RECURSION = YES;
				CLANG_WARN_INT_CONVERSION = YES;
				CLANG_WARN_NON_LITERAL_NULL_CONVERSION = YES;
				CLANG_WARN_OBJC_IMPLICIT_RETAIN_SELF = YES;
				CLANG_WARN_OBJC_LITERAL_CONVERSION = YES;
				CLANG_WARN_OBJC_ROOT_CLASS = YES_ERROR;
				CLANG_WARN_RANGE_LOOP_ANALYSIS = YES;
				CLANG_WARN_STRICT_PROTOTYPES = YES;
				CLANG_WARN_SUSPICIOUS_MOVE = YES;
				CLANG_WARN_UNGUARDED_AVAILABILITY = YES_AGGRESSIVE;
				CLANG_WARN_UNREACHABLE_CODE = YES;
				CLANG_WARN__DUPLICATE_METHOD_MATCH = YES;
				COPY_PHASE_STRIP = NO;
				DEBUG_INFORMATION_FORMAT = dwarf;
				ENABLE_STRICT_OBJC_MSGSEND = YES;
				ENABLE_TESTABILITY = YES;
				GCC_C_LANGUAGE_STANDARD = gnu11;
				GCC_DYNAMIC_NO_PIC = NO;
				GCC_NO_COMMON_BLOCKS = YES;
				GCC_OPTIMIZATION_LEVEL = 0;
				GCC_PREPROCESSOR_DEFINITIONS = (
					"DEBUG=1",
					"$(inherited)",
				);
				GCC_WARN_64_TO_32_BIT_CONVERSION = YES;
				GCC_WARN_ABOUT_RETURN_TYPE = YES_ERROR;
				GCC_WARN_UNDECLARED_SELECTOR = YES;
				GCC_WARN_UNINITIALIZED_AUTOS = YES_AGGRESSIVE;
				GCC_WARN_UNUSED_FUNCTION = YES;
				GCC_WARN_UNUSED_VARIABLE = YES;
				IPHONEOS_DEPLOYMENT_TARGET = 13.1;
				MTL_ENABLE_DEBUG_INFO = INCLUDE_SOURCE;
				MTL_FAST_MATH = YES;
				ONLY_ACTIVE_ARCH = YES;
				SDKROOT = iphoneos;
				SWIFT_ACTIVE_COMPILATION_CONDITIONS = DEBUG;
				SWIFT_OPTIMIZATION_LEVEL = "-Onone";
			};
			name = Debug;
		};
		90BA069223E4CA86003996E7 /* Release */ = {
			isa = XCBuildConfiguration;
			buildSettings = {
				ALWAYS_SEARCH_USER_PATHS = NO;
				CLANG_ANALYZER_NONNULL = YES;
				CLANG_ANALYZER_NUMBER_OBJECT_CONVERSION = YES_AGGRESSIVE;
				CLANG_CXX_LANGUAGE_STANDARD = "gnu++14";
				CLANG_CXX_LIBRARY = "libc++";
				CLANG_ENABLE_MODULES = YES;
				CLANG_ENABLE_OBJC_ARC = YES;
				CLANG_ENABLE_OBJC_WEAK = YES;
				CLANG_WARN_BLOCK_CAPTURE_AUTORELEASING = YES;
				CLANG_WARN_BOOL_CONVERSION = YES;
				CLANG_WARN_COMMA = YES;
				CLANG_WARN_CONSTANT_CONVERSION = YES;
				CLANG_WARN_DEPRECATED_OBJC_IMPLEMENTATIONS = YES;
				CLANG_WARN_DIRECT_OBJC_ISA_USAGE = YES_ERROR;
				CLANG_WARN_DOCUMENTATION_COMMENTS = YES;
				CLANG_WARN_EMPTY_BODY = YES;
				CLANG_WARN_ENUM_CONVERSION = YES;
				CLANG_WARN_INFINITE_RECURSION = YES;
				CLANG_WARN_INT_CONVERSION = YES;
				CLANG_WARN_NON_LITERAL_NULL_CONVERSION = YES;
				CLANG_WARN_OBJC_IMPLICIT_RETAIN_SELF = YES;
				CLANG_WARN_OBJC_LITERAL_CONVERSION = YES;
				CLANG_WARN_OBJC_ROOT_CLASS = YES_ERROR;
				CLANG_WARN_RANGE_LOOP_ANALYSIS = YES;
				CLANG_WARN_STRICT_PROTOTYPES = YES;
				CLANG_WARN_SUSPICIOUS_MOVE = YES;
				CLANG_WARN_UNGUARDED_AVAILABILITY = YES_AGGRESSIVE;
				CLANG_WARN_UNREACHABLE_CODE = YES;
				CLANG_WARN__DUPLICATE_METHOD_MATCH = YES;
				COPY_PHASE_STRIP = NO;
				DEBUG_INFORMATION_FORMAT = "dwarf-with-dsym";
				ENABLE_NS_ASSERTIONS = NO;
				ENABLE_STRICT_OBJC_MSGSEND = YES;
				GCC_C_LANGUAGE_STANDARD = gnu11;
				GCC_NO_COMMON_BLOCKS = YES;
				GCC_WARN_64_TO_32_BIT_CONVERSION = YES;
				GCC_WARN_ABOUT_RETURN_TYPE = YES_ERROR;
				GCC_WARN_UNDECLARED_SELECTOR = YES;
				GCC_WARN_UNINITIALIZED_AUTOS = YES_AGGRESSIVE;
				GCC_WARN_UNUSED_FUNCTION = YES;
				GCC_WARN_UNUSED_VARIABLE = YES;
				IPHONEOS_DEPLOYMENT_TARGET = 13.1;
				MTL_ENABLE_DEBUG_INFO = NO;
				MTL_FAST_MATH = YES;
				SDKROOT = iphoneos;
				SWIFT_COMPILATION_MODE = wholemodule;
				SWIFT_OPTIMIZATION_LEVEL = "-O";
				VALIDATE_PRODUCT = YES;
			};
			name = Release;
		};
		90BA069423E4CA86003996E7 /* Debug */ = {
			isa = XCBuildConfiguration;
			baseConfigurationReference = 25084A4C2F2FE0D4B8679B8B /* Pods-Shopping.debug.xcconfig */;
			buildSettings = {
				ASSETCATALOG_COMPILER_APPICON_NAME = AppIcon;
				CODE_SIGN_STYLE = Automatic;
				DEVELOPMENT_TEAM = U95V8V622H;
				INFOPLIST_FILE = Shopping/Info.plist;
				LD_RUNPATH_SEARCH_PATHS = (
					"$(inherited)",
					"@executable_path/Frameworks",
				);
				PRODUCT_BUNDLE_IDENTIFIER = com.katherynneh.Shopping;
				PRODUCT_NAME = "$(TARGET_NAME)";
				SWIFT_VERSION = 5.0;
				TARGETED_DEVICE_FAMILY = "1,2";
			};
			name = Debug;
		};
		90BA069523E4CA86003996E7 /* Release */ = {
			isa = XCBuildConfiguration;
			baseConfigurationReference = 024B0F2768F4A989D8825459 /* Pods-Shopping.release.xcconfig */;
			buildSettings = {
				ASSETCATALOG_COMPILER_APPICON_NAME = AppIcon;
				CODE_SIGN_STYLE = Automatic;
				DEVELOPMENT_TEAM = U95V8V622H;
				INFOPLIST_FILE = Shopping/Info.plist;
				LD_RUNPATH_SEARCH_PATHS = (
					"$(inherited)",
					"@executable_path/Frameworks",
				);
				PRODUCT_BUNDLE_IDENTIFIER = com.katherynneh.Shopping;
				PRODUCT_NAME = "$(TARGET_NAME)";
				SWIFT_VERSION = 5.0;
				TARGETED_DEVICE_FAMILY = "1,2";
			};
			name = Release;
		};
/* End XCBuildConfiguration section */

/* Begin XCConfigurationList section */
		90BA067723E4CA84003996E7 /* Build configuration list for PBXProject "Shopping" */ = {
			isa = XCConfigurationList;
			buildConfigurations = (
				90BA069123E4CA86003996E7 /* Debug */,
				90BA069223E4CA86003996E7 /* Release */,
			);
			defaultConfigurationIsVisible = 0;
			defaultConfigurationName = Release;
		};
		90BA069323E4CA86003996E7 /* Build configuration list for PBXNativeTarget "Shopping" */ = {
			isa = XCConfigurationList;
			buildConfigurations = (
				90BA069423E4CA86003996E7 /* Debug */,
				90BA069523E4CA86003996E7 /* Release */,
			);
			defaultConfigurationIsVisible = 0;
			defaultConfigurationName = Release;
		};
/* End XCConfigurationList section */

/* Begin XCVersionGroup section */
		90BA068823E4CA84003996E7 /* Shopping.xcdatamodeld */ = {
			isa = XCVersionGroup;
			children = (
				90BA068923E4CA84003996E7 /* Shopping.xcdatamodel */,
			);
			currentVersion = 90BA068923E4CA84003996E7 /* Shopping.xcdatamodel */;
			path = Shopping.xcdatamodeld;
			sourceTree = "<group>";
			versionGroupType = wrapper.xcdatamodel;
		};
/* End XCVersionGroup section */
	};
	rootObject = 90BA067423E4CA84003996E7 /* Project object */;
}
